
Microsoft Visual Studio Solution File, Format Version 12.00
# Visual Studio 15
VisualStudioVersion = 15.0.26730.12
MinimumVisualStudioVersion = 10.0.40219.1
Project("{2150E333-8FDC-42A3-9474-1A3956D46DE8}") = "src", "src", "{93864859-8427-4FB1-B3C6-73794CDFA46D}"
EndProject
Project("{2150E333-8FDC-42A3-9474-1A3956D46DE8}") = "Services", "Services", "{5FF0AC11-FEC6-41C1-9043-FD29734247AC}"
EndProject
Project("{2150E333-8FDC-42A3-9474-1A3956D46DE8}") = "quotation", "quotation", "{784CCB12-111D-4203-BF0F-37EB5FC9050F}"
EndProject
Project("{2150E333-8FDC-42A3-9474-1A3956D46DE8}") = "markets", "markets", "{03245E59-E698-4C8B-88E8-84B8DA2FE38F}"
EndProject
Project("{FAE04EC0-301F-11D3-BF4B-00C04F79EFBC}") = "WorldMarkets.Domain", "src\Services\markets\WorldMarkets.Domain\WorldMarkets.Domain.csproj", "{0BA413D1-34BA-4E9A-879D-C1DA40DEBB1E}"
EndProject
Project("{FAE04EC0-301F-11D3-BF4B-00C04F79EFBC}") = "WorldMarkets.Infrastructure", "src\Services\markets\WorldMarkets.Infrastructure\WorldMarkets.Infrastructure.csproj", "{CAE5B033-9BA7-4EC4-B8EE-83316735E105}"
EndProject
Project("{FAE04EC0-301F-11D3-BF4B-00C04F79EFBC}") = "WorldMarkets.Api", "src\Services\markets\WorldMarkets.Api\WorldMarkets.Api.csproj", "{06D62EB5-C04F-44F7-8DAF-D4B9F9E24169}"
EndProject
Project("{FAE04EC0-301F-11D3-BF4B-00C04F79EFBC}") = "Quotation.Api", "src\Services\quotation\Quotation.Api\Quotation.Api.csproj", "{E26FD727-D663-4B58-BD72-15AE358B5493}"
EndProject
Project("{FAE04EC0-301F-11D3-BF4B-00C04F79EFBC}") = "Quotation.Domain", "src\Services\quotation\Quotation.Domain\Quotation.Domain.csproj", "{2408737A-CAFF-4009-9A7F-7741AE9E0D3E}"
EndProject
Project("{FAE04EC0-301F-11D3-BF4B-00C04F79EFBC}") = "Quotation.Infrastructure", "src\Services\quotation\Quotation.Infrastructure\Quotation.Infrastructure.csproj", "{81C76574-D278-4CB3-BF1A-D3F3D9726D53}"
EndProject
Global
	GlobalSection(SolutionConfigurationPlatforms) = preSolution
		Debug|Any CPU = Debug|Any CPU
		Release|Any CPU = Release|Any CPU
	EndGlobalSection
	GlobalSection(ProjectConfigurationPlatforms) = postSolution
		{0BA413D1-34BA-4E9A-879D-C1DA40DEBB1E}.Debug|Any CPU.ActiveCfg = Debug|Any CPU
		{0BA413D1-34BA-4E9A-879D-C1DA40DEBB1E}.Debug|Any CPU.Build.0 = Debug|Any CPU
		{0BA413D1-34BA-4E9A-879D-C1DA40DEBB1E}.Release|Any CPU.ActiveCfg = Release|Any CPU
		{0BA413D1-34BA-4E9A-879D-C1DA40DEBB1E}.Release|Any CPU.Build.0 = Release|Any CPU
		{CAE5B033-9BA7-4EC4-B8EE-83316735E105}.Debug|Any CPU.ActiveCfg = Debug|Any CPU
		{CAE5B033-9BA7-4EC4-B8EE-83316735E105}.Debug|Any CPU.Build.0 = Debug|Any CPU
		{CAE5B033-9BA7-4EC4-B8EE-83316735E105}.Release|Any CPU.ActiveCfg = Release|Any CPU
		{CAE5B033-9BA7-4EC4-B8EE-83316735E105}.Release|Any CPU.Build.0 = Release|Any CPU
		{06D62EB5-C04F-44F7-8DAF-D4B9F9E24169}.Debug|Any CPU.ActiveCfg = Debug|Any CPU
		{06D62EB5-C04F-44F7-8DAF-D4B9F9E24169}.Debug|Any CPU.Build.0 = Debug|Any CPU
		{06D62EB5-C04F-44F7-8DAF-D4B9F9E24169}.Release|Any CPU.ActiveCfg = Release|Any CPU
		{06D62EB5-C04F-44F7-8DAF-D4B9F9E24169}.Release|Any CPU.Build.0 = Release|Any CPU
		{E26FD727-D663-4B58-BD72-15AE358B5493}.Debug|Any CPU.ActiveCfg = Debug|Any CPU
		{E26FD727-D663-4B58-BD72-15AE358B5493}.Debug|Any CPU.Build.0 = Debug|Any CPU
		{E26FD727-D663-4B58-BD72-15AE358B5493}.Release|Any CPU.ActiveCfg = Release|Any CPU
		{E26FD727-D663-4B58-BD72-15AE358B5493}.Release|Any CPU.Build.0 = Release|Any CPU
		{2408737A-CAFF-4009-9A7F-7741AE9E0D3E}.Debug|Any CPU.ActiveCfg = Debug|Any CPU
		{2408737A-CAFF-4009-9A7F-7741AE9E0D3E}.Debug|Any CPU.Build.0 = Debug|Any CPU
		{2408737A-CAFF-4009-9A7F-7741AE9E0D3E}.Release|Any CPU.ActiveCfg = Release|Any CPU
		{2408737A-CAFF-4009-9A7F-7741AE9E0D3E}.Release|Any CPU.Build.0 = Release|Any CPU
		{81C76574-D278-4CB3-BF1A-D3F3D9726D53}.Debug|Any CPU.ActiveCfg = Debug|Any CPU
		{81C76574-D278-4CB3-BF1A-D3F3D9726D53}.Debug|Any CPU.Build.0 = Debug|Any CPU
		{81C76574-D278-4CB3-BF1A-D3F3D9726D53}.Release|Any CPU.ActiveCfg = Release|Any CPU
		{81C76574-D278-4CB3-BF1A-D3F3D9726D53}.Release|Any CPU.Build.0 = Release|Any CPU
	EndGlobalSection
	GlobalSection(SolutionProperties) = preSolution
		HideSolutionNode = FALSE
	EndGlobalSection
	GlobalSection(NestedProjects) = preSolution
		{5FF0AC11-FEC6-41C1-9043-FD29734247AC} = {93864859-8427-4FB1-B3C6-73794CDFA46D}
		{784CCB12-111D-4203-BF0F-37EB5FC9050F} = {5FF0AC11-FEC6-41C1-9043-FD29734247AC}
		{03245E59-E698-4C8B-88E8-84B8DA2FE38F} = {5FF0AC11-FEC6-41C1-9043-FD29734247AC}
		{0BA413D1-34BA-4E9A-879D-C1DA40DEBB1E} = {03245E59-E698-4C8B-88E8-84B8DA2FE38F}
		{CAE5B033-9BA7-4EC4-B8EE-83316735E105} = {03245E59-E698-4C8B-88E8-84B8DA2FE38F}
		{06D62EB5-C04F-44F7-8DAF-D4B9F9E24169} = {03245E59-E698-4C8B-88E8-84B8DA2FE38F}
		{E26FD727-D663-4B58-BD72-15AE358B5493} = {784CCB12-111D-4203-BF0F-37EB5FC9050F}
		{2408737A-CAFF-4009-9A7F-7741AE9E0D3E} = {784CCB12-111D-4203-BF0F-37EB5FC9050F}
		{81C76574-D278-4CB3-BF1A-D3F3D9726D53} = {784CCB12-111D-4203-BF0F-37EB5FC9050F}
	EndGlobalSection
	GlobalSection(ExtensibilityGlobals) = postSolution
		SolutionGuid = {E857ECB9-71A9-4A88-A4D7-1FB49E0461CB}
	EndGlobalSection
EndGlobal
